core:changelogs:
  - content: "---\npackages:\n  ai-souls:\n    type: patch\n---\n\n## A banner no longer takes focus from what you are working in (macOS)\n\nOn macOS a screen would quietly become the active app while it was up,\nso keystrokes stopped going to the editor you were typing into. The\nbanner process now refuses the foreground outright: it draws over\neverything, it stays click-through, and it never becomes the app in\nfront.\n"
    filename: banner-never-takes-focus-on-macos.md
    v: 0.0.0
  - content: "---\npackages:\n  ai-souls:\n    type: patch\n---\n\n## Screens start at 40% volume\n\nTwenty was quiet enough to miss. Existing installs keep whatever they\nhave set; `ai-souls reset all` takes the new level, and `--volume` still\noverrides it per event.\n"
    filename: louder-out-of-the-box.md
    v: 0.0.0
  - content: "---\npackages:\n  ai-souls:\n    type: patch\n---\n\n## \"Turn completed\" no longer fires when the turn is waiting on a subagent\n\nClaude Code ends its turn the moment it hands work to a subagent, and\nends it again when that work comes back — so half the banners you were\ngetting announced the opposite of what had happened. The screen now\nwaits for the turn that really did finish.\n"
    filename: turn-complete-waits-for-subagents.md
    v: 0.0.0
core:packages:
  - id: npm:@ai-souls/root
    updated: false
  - changelogIds:
      - banner-never-takes-focus-on-macos.md
      - louder-out-of-the-box.md
      - turn-complete-waits-for-subagents.md
    id: npm:ai-souls
    updated: true
npm:packages:
  - id: npm:@ai-souls/root
  - id: npm:ai-souls
