core:changelogs:
  - content: "---\npackages:\n  ai-souls:\n    type: patch\n---\n\n## Banners never take the keyboard\n\nA screen used to arrive as an app: it took focus from whatever you were\ntyping into, put a tile in the Dock, and turned up in Cmd-Tab. Now a\nbanner is only a banner. Your caret stays where you left it.\n\nOne trade comes with it: the settings window opens without focus, so\nclick it once before you type.\n"
    filename: macos-banner-focus.md
    v: 0.0.0
  - content: "---\npackages:\n  ai-souls:\n    type: patch\n---\n\n## `install` works on macOS\n\nIt used to stop with \"No HOME/USERPROFILE in the environment.\" and write\nnothing, whatever your environment actually said. Your home directory was\nnever the problem: the app could not read its own path, and said so in the\none message it had. Both are fixed — the path resolves, and the two\nfailures now read differently if either ever happens again.\n\n`install` also finishes by saying the hooks are ready.\n"
    filename: macos-install-home.md
    v: 0.0.0
core:packages:
  - id: npm:@ai-souls/root
    updated: false
  - changelogIds:
      - macos-banner-focus.md
      - macos-install-home.md
    id: npm:ai-souls
    updated: true
npm:packages:
  - id: npm:@ai-souls/root
  - id: npm:ai-souls
